# This file is automatically @generated by Cargo.
# It is not intended for manual editing.
version = 3

[[package]]
name = "cc"
version = "1.0.77"
source = "registry+https://github.com/rust-lang/crates.io-index"
checksum = "e9f73505338f7d905b19d18738976aae232eb46b8efc15554ffc56deb5d9ebe4"

[[package]]
name = "hashbrown_tstd"
version = "0.12.0"

[[package]]
name = "panic_abort"
version = "0.0.0"
dependencies = [
 "sgx_trts",
]

[[package]]
name = "panic_unwind"
version = "0.0.0"
dependencies = [
 "sgx_types",
 "sgx_unwind",
]

[[package]]
name = "profiler_builtins"
version = "0.0.0"

[[package]]
name = "sgx_alloc"
version = "2.0.0"

[[package]]
name = "sgx_backtrace_sys"
version = "2.0.0"
dependencies = [
 "cc",
 "sgx_build_helper",
 "sgx_types",
]

[[package]]
name = "sgx_build_helper"
version = "2.0.0"

[[package]]
name = "sgx_crypto_sys"
version = "2.0.0"
dependencies = [
 "sgx_build_helper",
 "sgx_download_prebuilt",
 "sgx_types",
]

[[package]]
name = "sgx_demangle"
version = "2.0.0"

[[package]]
name = "sgx_download_prebuilt"
version = "2.0.0"
dependencies = [
 "sgx_build_helper",
]

[[package]]
name = "sgx_ffi"
version = "2.0.0"
dependencies = [
 "sgx_types",
]

[[package]]
name = "sgx_oc"
version = "2.0.0"
dependencies = [
 "sgx_ffi",
 "sgx_sync",
 "sgx_trts",
 "sgx_types",
]

[[package]]
name = "sgx_rsrvmm"
version = "2.0.0"
dependencies = [
 "sgx_sync",
 "sgx_trts",
 "sgx_types",
]

[[package]]
name = "sgx_sync"
version = "2.0.0"
dependencies = [
 "sgx_trts",
 "sgx_types",
]

[[package]]
name = "sgx_tlibc_sys"
version = "2.0.0"
dependencies = [
 "sgx_build_helper",
 "sgx_download_prebuilt",
 "sgx_types",
]

[[package]]
name = "sgx_trts"
version = "2.0.0"
dependencies = [
 "sgx_crypto_sys",
 "sgx_tlibc_sys",
 "sgx_types",
]

[[package]]
name = "sgx_types"
version = "2.0.0"

[[package]]
name = "sgx_unwind"
version = "2.0.0"
dependencies = [
 "sgx_build_helper",
]

[[package]]
name = "std"
version = "0.0.0"
dependencies = [
 "hashbrown_tstd",
 "panic_abort",
 "panic_unwind",
 "profiler_builtins",
 "sgx_alloc",
 "sgx_backtrace_sys",
 "sgx_demangle",
 "sgx_ffi",
 "sgx_oc",
 "sgx_rsrvmm",
 "sgx_sync",
 "sgx_trts",
 "sgx_types",
 "sgx_unwind",
]
